
Microsoft Visual Studio Solution File, Format Version 12.00
# Visual Studio Version 17
VisualStudioVersion = 17.14.36811.4
MinimumVisualStudioVersion = 10.0.40219.1
Project("{2150E333-8FDC-42A3-9474-1A3956D46DE8}") = "src", "src", "{02EA681E-C7D8-13C7-8484-4AC65E1B71E8}"
EndProject
Project("{2150E333-8FDC-42A3-9474-1A3956D46DE8}") = "tests", "tests", "{F1C7377F-F2C0-43D3-B726-1F24CC9A166F}"
EndProject
Project("{2150E333-8FDC-42A3-9474-1A3956D46DE8}") = "Backend", "Backend", "{D60AB28C-D232-45BD-9C81-E63C041D00BB}"
EndProject
Project("{2150E333-8FDC-42A3-9474-1A3956D46DE8}") = "Shared", "Shared", "{D67CBCC5-D949-4A54-A71A-94546BE2BECC}"
EndProject
Project("{FAE04EC0-301F-11D3-BF4B-00C04F79EFBC}") = "MyRecipeBook.API", "src\Backend\MyRecipeBook.API\MyRecipeBook.API.csproj", "{11E23DEC-BF25-4C7D-B054-FE050849F1A7}"
EndProject
Project("{FAE04EC0-301F-11D3-BF4B-00C04F79EFBC}") = "MyRecipeBook.Communication", "src\Shared\MyRecipeBook.Communication\MyRecipeBook.Communication.csproj", "{6CB1C0BC-0433-4353-8B92-848813C09DD6}"
EndProject
Project("{FAE04EC0-301F-11D3-BF4B-00C04F79EFBC}") = "MyRecipeBook.Application", "src\Backend\MyRecipeBook.Application\MyRecipeBook.Application.csproj", "{24EF663C-4D0A-486F-9EB5-C4D1C2DD0B19}"
EndProject
Project("{FAE04EC0-301F-11D3-BF4B-00C04F79EFBC}") = "MyRecipeBook.Domain", "src\Backend\MyRecipeBook.Domain\MyRecipeBook.Domain.csproj", "{22E98BD4-7AF0-490F-AFD3-26212AF76201}"
EndProject
Project("{FAE04EC0-301F-11D3-BF4B-00C04F79EFBC}") = "MyRecipeBook.Infrastructure", "src\Backend\MyRecipeBook.Infrastructure\MyRecipeBook.Infrastructure.csproj", "{21F61F48-05C0-4CAA-945E-F3329DD12ECB}"
EndProject
Project("{FAE04EC0-301F-11D3-BF4B-00C04F79EFBC}") = "MyRecipeBook.Exceptions", "src\Shared\MyRecipeBook.Exceptions\MyRecipeBook.Exceptions.csproj", "{1EFF560A-FDDF-4185-8C78-EDCD4E33E21A}"
EndProject
Global
	GlobalSection(SolutionConfigurationPlatforms) = preSolution
		Debug|Any CPU = Debug|Any CPU
		Release|Any CPU = Release|Any CPU
	EndGlobalSection
	GlobalSection(ProjectConfigurationPlatforms) = postSolution
		{11E23DEC-BF25-4C7D-B054-FE050849F1A7}.Debug|Any CPU.ActiveCfg = Debug|Any CPU
		{11E23DEC-BF25-4C7D-B054-FE050849F1A7}.Debug|Any CPU.Build.0 = Debug|Any CPU
		{11E23DEC-BF25-4C7D-B054-FE050849F1A7}.Release|Any CPU.ActiveCfg = Release|Any CPU
		{11E23DEC-BF25-4C7D-B054-FE050849F1A7}.Release|Any CPU.Build.0 = Release|Any CPU
		{6CB1C0BC-0433-4353-8B92-848813C09DD6}.Debug|Any CPU.ActiveCfg = Debug|Any CPU
		{6CB1C0BC-0433-4353-8B92-848813C09DD6}.Debug|Any CPU.Build.0 = Debug|Any CPU
		{6CB1C0BC-0433-4353-8B92-848813C09DD6}.Release|Any CPU.ActiveCfg = Release|Any CPU
		{6CB1C0BC-0433-4353-8B92-848813C09DD6}.Release|Any CPU.Build.0 = Release|Any CPU
		{24EF663C-4D0A-486F-9EB5-C4D1C2DD0B19}.Debug|Any CPU.ActiveCfg = Debug|Any CPU
		{24EF663C-4D0A-486F-9EB5-C4D1C2DD0B19}.Debug|Any CPU.Build.0 = Debug|Any CPU
		{24EF663C-4D0A-486F-9EB5-C4D1C2DD0B19}.Release|Any CPU.ActiveCfg = Release|Any CPU
		{24EF663C-4D0A-486F-9EB5-C4D1C2DD0B19}.Release|Any CPU.Build.0 = Release|Any CPU
		{22E98BD4-7AF0-490F-AFD3-26212AF76201}.Debug|Any CPU.ActiveCfg = Debug|Any CPU
		{22E98BD4-7AF0-490F-AFD3-26212AF76201}.Debug|Any CPU.Build.0 = Debug|Any CPU
		{22E98BD4-7AF0-490F-AFD3-26212AF76201}.Release|Any CPU.ActiveCfg = Release|Any CPU
		{22E98BD4-7AF0-490F-AFD3-26212AF76201}.Release|Any CPU.Build.0 = Release|Any CPU
		{21F61F48-05C0-4CAA-945E-F3329DD12ECB}.Debug|Any CPU.ActiveCfg = Debug|Any CPU
		{21F61F48-05C0-4CAA-945E-F3329DD12ECB}.Debug|Any CPU.Build.0 = Debug|Any CPU
		{21F61F48-05C0-4CAA-945E-F3329DD12ECB}.Release|Any CPU.ActiveCfg = Release|Any CPU
		{21F61F48-05C0-4CAA-945E-F3329DD12ECB}.Release|Any CPU.Build.0 = Release|Any CPU
		{1EFF560A-FDDF-4185-8C78-EDCD4E33E21A}.Debug|Any CPU.ActiveCfg = Debug|Any CPU
		{1EFF560A-FDDF-4185-8C78-EDCD4E33E21A}.Debug|Any CPU.Build.0 = Debug|Any CPU
		{1EFF560A-FDDF-4185-8C78-EDCD4E33E21A}.Release|Any CPU.ActiveCfg = Release|Any CPU
		{1EFF560A-FDDF-4185-8C78-EDCD4E33E21A}.Release|Any CPU.Build.0 = Release|Any CPU
	EndGlobalSection
	GlobalSection(SolutionProperties) = preSolution
		HideSolutionNode = FALSE
	EndGlobalSection
	GlobalSection(NestedProjects) = preSolution
		{D60AB28C-D232-45BD-9C81-E63C041D00BB} = {02EA681E-C7D8-13C7-8484-4AC65E1B71E8}
		{D67CBCC5-D949-4A54-A71A-94546BE2BECC} = {02EA681E-C7D8-13C7-8484-4AC65E1B71E8}
		{11E23DEC-BF25-4C7D-B054-FE050849F1A7} = {D60AB28C-D232-45BD-9C81-E63C041D00BB}
		{6CB1C0BC-0433-4353-8B92-848813C09DD6} = {D67CBCC5-D949-4A54-A71A-94546BE2BECC}
		{24EF663C-4D0A-486F-9EB5-C4D1C2DD0B19} = {D60AB28C-D232-45BD-9C81-E63C041D00BB}
		{22E98BD4-7AF0-490F-AFD3-26212AF76201} = {D60AB28C-D232-45BD-9C81-E63C041D00BB}
		{21F61F48-05C0-4CAA-945E-F3329DD12ECB} = {D60AB28C-D232-45BD-9C81-E63C041D00BB}
		{1EFF560A-FDDF-4185-8C78-EDCD4E33E21A} = {D67CBCC5-D949-4A54-A71A-94546BE2BECC}
	EndGlobalSection
	GlobalSection(ExtensibilityGlobals) = postSolution
		SolutionGuid = {906516D6-F1BE-48F5-925A-6CDE2B99FB42}
	EndGlobalSection
EndGlobal
